
Microsoft Visual Studio Solution File, Format Version 12.00
# Visual Studio 2015
Project("{FAE04EC0-301F-11D3-BF4B-00C04F79EFBC}") = "FirstPersonTest-master.CSharp.Plugins", "FirstPersonTest-master.CSharp.Plugins.csproj", "{3B59B945-01F9-978D-E4C5-46ABA1DC632D}"
EndProject
Project("{FAE04EC0-301F-11D3-BF4B-00C04F79EFBC}") = "FirstPersonTest-master.CSharp", "FirstPersonTest-master.CSharp.csproj", "{2C43035C-8CA6-2507-3297-0D67B26D1D1D}"
EndProject
Project("{FAE04EC0-301F-11D3-BF4B-00C04F79EFBC}") = "FirstPersonTest-master.CSharp.Editor", "FirstPersonTest-master.CSharp.Editor.csproj", "{F1A5692A-A41E-42AB-77B0-94EAA6E6D506}"
EndProject
Global
	GlobalSection(SolutionConfigurationPlatforms) = preSolution
		Debug|Any CPU = Debug|Any CPU
		Release|Any CPU = Release|Any CPU
	EndGlobalSection
	GlobalSection(ProjectConfigurationPlatforms) = postSolution
		{3B59B945-01F9-978D-E4C5-46ABA1DC632D}.Debug|Any CPU.ActiveCfg = Debug|Any CPU
		{3B59B945-01F9-978D-E4C5-46ABA1DC632D}.Debug|Any CPU.Build.0 = Debug|Any CPU
		{3B59B945-01F9-978D-E4C5-46ABA1DC632D}.Release|Any CPU.ActiveCfg = Release|Any CPU
		{3B59B945-01F9-978D-E4C5-46ABA1DC632D}.Release|Any CPU.Build.0 = Release|Any CPU
		{2C43035C-8CA6-2507-3297-0D67B26D1D1D}.Debug|Any CPU.ActiveCfg = Debug|Any CPU
		{2C43035C-8CA6-2507-3297-0D67B26D1D1D}.Debug|Any CPU.Build.0 = Debug|Any CPU
		{2C43035C-8CA6-2507-3297-0D67B26D1D1D}.Release|Any CPU.ActiveCfg = Release|Any CPU
		{2C43035C-8CA6-2507-3297-0D67B26D1D1D}.Release|Any CPU.Build.0 = Release|Any CPU
		{F1A5692A-A41E-42AB-77B0-94EAA6E6D506}.Debug|Any CPU.ActiveCfg = Debug|Any CPU
		{F1A5692A-A41E-42AB-77B0-94EAA6E6D506}.Debug|Any CPU.Build.0 = Debug|Any CPU
		{F1A5692A-A41E-42AB-77B0-94EAA6E6D506}.Release|Any CPU.ActiveCfg = Release|Any CPU
		{F1A5692A-A41E-42AB-77B0-94EAA6E6D506}.Release|Any CPU.Build.0 = Release|Any CPU
	EndGlobalSection
	GlobalSection(SolutionProperties) = preSolution
		HideSolutionNode = FALSE
	EndGlobalSection
EndGlobal
