Microsoft Visual Studio Solution File, Format Version 11.00
# Visual Studio 2008

Project("{8601643E-196A-270C-77F3-AE84E54E51CC}") = "FirstPersonTest-master", "Assembly-CSharp-firstpass.csproj", "{0F594C98-BC58-05CD-C4CD-704DB1D71A33}"
EndProject
Project("{8601643E-196A-270C-77F3-AE84E54E51CC}") = "FirstPersonTest-master", "Assembly-CSharp.csproj", "{1C7347F2-9A71-A8DD-F613-FFCE28B718CE}"
EndProject
Project("{8601643E-196A-270C-77F3-AE84E54E51CC}") = "FirstPersonTest-master", "Assembly-CSharp-Editor.csproj", "{F1F1AD5B-A754-BFF6-1458-E5B967605BC6}"
EndProject
Global
	GlobalSection(SolutionConfigurationPlatforms) = preSolution
		Debug|Any CPU = Debug|Any CPU
		Release|Any CPU = Release|Any CPU
	EndGlobalSection
	GlobalSection(ProjectConfigurationPlatforms) = postSolution
		{0F594C98-BC58-05CD-C4CD-704DB1D71A33}.Debug|Any CPU.ActiveCfg = Debug|Any CPU
		{0F594C98-BC58-05CD-C4CD-704DB1D71A33}.Debug|Any CPU.Build.0 = Debug|Any CPU
		{0F594C98-BC58-05CD-C4CD-704DB1D71A33}.Release|Any CPU.ActiveCfg = Release|Any CPU
		{0F594C98-BC58-05CD-C4CD-704DB1D71A33}.Release|Any CPU.Build.0 = Release|Any CPU
		{1C7347F2-9A71-A8DD-F613-FFCE28B718CE}.Debug|Any CPU.ActiveCfg = Debug|Any CPU
		{1C7347F2-9A71-A8DD-F613-FFCE28B718CE}.Debug|Any CPU.Build.0 = Debug|Any CPU
		{1C7347F2-9A71-A8DD-F613-FFCE28B718CE}.Release|Any CPU.ActiveCfg = Release|Any CPU
		{1C7347F2-9A71-A8DD-F613-FFCE28B718CE}.Release|Any CPU.Build.0 = Release|Any CPU
		{F1F1AD5B-A754-BFF6-1458-E5B967605BC6}.Debug|Any CPU.ActiveCfg = Debug|Any CPU
		{F1F1AD5B-A754-BFF6-1458-E5B967605BC6}.Debug|Any CPU.Build.0 = Debug|Any CPU
		{F1F1AD5B-A754-BFF6-1458-E5B967605BC6}.Release|Any CPU.ActiveCfg = Release|Any CPU
		{F1F1AD5B-A754-BFF6-1458-E5B967605BC6}.Release|Any CPU.Build.0 = Release|Any CPU
	EndGlobalSection
	GlobalSection(SolutionProperties) = preSolution
		HideSolutionNode = FALSE
	EndGlobalSection
	GlobalSection(MonoDevelopProperties) = preSolution
		StartupItem = Assembly-CSharp.csproj
	EndGlobalSection
EndGlobal
